
Microsoft Visual Studio Solution File, Format Version 12.00
# Visual Studio Version 16
VisualStudioVersion = 16.0.32106.194
MinimumVisualStudioVersion = 10.0.40219.1
Project("{9A19103F-16F7-4668-BE54-9A1E7A4F7556}") = "DirectoriesAndFiles", "DirectoriesAndFiles\DirectoriesAndFiles.csproj", "{E0A51886-7E92-4AC6-B6C4-D3BB55B2C806}"
EndProject
Project("{FAE04EC0-301F-11D3-BF4B-00C04F79EFBC}") = "WishList", "WishList\WishList.csproj", "{898BA56D-F0BC-4051-B41D-08B82CCEFB74}"
EndProject
Project("{FAE04EC0-301F-11D3-BF4B-00C04F79EFBC}") = "MyWishListFile", "MyWishListFile\MyWishListFile.csproj", "{52618DB3-346D-4892-A887-E740B604CAEA}"
EndProject
Project("{FAE04EC0-301F-11D3-BF4B-00C04F79EFBC}") = "ShoppingListFolder", "ShoppingListFolder\ShoppingListFolder.csproj", "{151E8D49-E6DB-4E3F-BD71-FE56EBAB2108}"
EndProject
Project("{FAE04EC0-301F-11D3-BF4B-00C04F79EFBC}") = "myShoppingList", "myShoppingList\myShoppingList.csproj", "{A813B1F8-3227-4D7A-977F-19AC2015EA1B}"
EndProject
Global
	GlobalSection(SolutionConfigurationPlatforms) = preSolution
		Debug|Any CPU = Debug|Any CPU
		Release|Any CPU = Release|Any CPU
	EndGlobalSection
	GlobalSection(ProjectConfigurationPlatforms) = postSolution
		{E0A51886-7E92-4AC6-B6C4-D3BB55B2C806}.Debug|Any CPU.ActiveCfg = Debug|Any CPU
		{E0A51886-7E92-4AC6-B6C4-D3BB55B2C806}.Debug|Any CPU.Build.0 = Debug|Any CPU
		{E0A51886-7E92-4AC6-B6C4-D3BB55B2C806}.Release|Any CPU.ActiveCfg = Release|Any CPU
		{E0A51886-7E92-4AC6-B6C4-D3BB55B2C806}.Release|Any CPU.Build.0 = Release|Any CPU
		{898BA56D-F0BC-4051-B41D-08B82CCEFB74}.Debug|Any CPU.ActiveCfg = Debug|Any CPU
		{898BA56D-F0BC-4051-B41D-08B82CCEFB74}.Debug|Any CPU.Build.0 = Debug|Any CPU
		{898BA56D-F0BC-4051-B41D-08B82CCEFB74}.Release|Any CPU.ActiveCfg = Release|Any CPU
		{898BA56D-F0BC-4051-B41D-08B82CCEFB74}.Release|Any CPU.Build.0 = Release|Any CPU
		{52618DB3-346D-4892-A887-E740B604CAEA}.Debug|Any CPU.ActiveCfg = Debug|Any CPU
		{52618DB3-346D-4892-A887-E740B604CAEA}.Debug|Any CPU.Build.0 = Debug|Any CPU
		{52618DB3-346D-4892-A887-E740B604CAEA}.Release|Any CPU.ActiveCfg = Release|Any CPU
		{52618DB3-346D-4892-A887-E740B604CAEA}.Release|Any CPU.Build.0 = Release|Any CPU
		{151E8D49-E6DB-4E3F-BD71-FE56EBAB2108}.Debug|Any CPU.ActiveCfg = Debug|Any CPU
		{151E8D49-E6DB-4E3F-BD71-FE56EBAB2108}.Debug|Any CPU.Build.0 = Debug|Any CPU
		{151E8D49-E6DB-4E3F-BD71-FE56EBAB2108}.Release|Any CPU.ActiveCfg = Release|Any CPU
		{151E8D49-E6DB-4E3F-BD71-FE56EBAB2108}.Release|Any CPU.Build.0 = Release|Any CPU
		{A813B1F8-3227-4D7A-977F-19AC2015EA1B}.Debug|Any CPU.ActiveCfg = Debug|Any CPU
		{A813B1F8-3227-4D7A-977F-19AC2015EA1B}.Debug|Any CPU.Build.0 = Debug|Any CPU
		{A813B1F8-3227-4D7A-977F-19AC2015EA1B}.Release|Any CPU.ActiveCfg = Release|Any CPU
		{A813B1F8-3227-4D7A-977F-19AC2015EA1B}.Release|Any CPU.Build.0 = Release|Any CPU
	EndGlobalSection
	GlobalSection(SolutionProperties) = preSolution
		HideSolutionNode = FALSE
	EndGlobalSection
	GlobalSection(ExtensibilityGlobals) = postSolution
		SolutionGuid = {25B22EFF-CCD7-49BB-A528-5B3179CBF673}
	EndGlobalSection
EndGlobal
